# THIS IS AN AUTOGENERATED FILE. DO NOT EDIT THIS FILE DIRECTLY.
# yarn lockfile v1


"@sourcegraph/prettierrc@3.0.2":
  version "3.0.2"
  resolved "https://registry.yarnpkg.com/@sourcegraph/prettierrc/-/prettierrc-3.0.2.tgz#a8fb80ed5712a59cd60eb62f0969090ebc386a80"
  integrity sha512-HCEKIIgOLap22yvnMcr+v6X/1LK6LuVd5MhGLxjYsb7irI2KNEQpalR5SKjsfYPawzVcgCPu1QsD0Oy4iGdPuA==

prettier@3.5.3:
  version "3.5.3"
  resolved "https://registry.yarnpkg.com/prettier/-/prettier-3.5.3.tgz#4fc2ce0d657e7a02e602549f053b239cb7dfe1b5"
  integrity sha512-QQtaxnoDJeAkDvDKWCLiwIXkTgRhwYDEQCghU9Z6q03iyek/rxRh/2lC3HB7P8sWT2xC/y5JDctPLBIGzHKbhw==
